{
  "lockfileVersion": 1,
  "workspaces": {
    "": {
      "name": "@rthionanda/bum",
      "devDependencies": {
        "@napi-rs/cli": "^2.18.4",
      },
    },
  },
  "packages": {
    "@napi-rs/cli": ["@napi-rs/cli@2.18.4", "", { "bin": { "napi": "scripts/index.js" } }, "sha512-SgJeA4df9DE2iAEpr3M2H0OKl/yjtg1BnRI5/JyowS71tUWhrfSu2LT0V3vlHET+g1hBVlrO60PmEXwUEKp8Mg=="],
  }
}
