{
  "name": "@owenizedd/bum",
  "version": "0.7.13",
  "lockfileVersion": 3,
  "requires": true,
  "packages": {
    "": {
      "name": "@owenizedd/bum",
      "version": "0.7.13",
      "license": "MIT",
      "bin": {
        "bum": "bin.js"
      },
      "devDependencies": {
        "@napi-rs/cli": "^2.18.4"
      },
      "engines": {
        "node": ">= 18"
      },
      "optionalDependencies": {
        "@owenizedd/bum-darwin-arm64": "0.7.13",
        "@owenizedd/bum-darwin-universal": "0.7.13",
        "@owenizedd/bum-darwin-x64": "0.7.13",
        "@owenizedd/bum-linux-arm64-gnu": "0.7.13",
        "@owenizedd/bum-linux-arm64-musl": "0.7.13",
        "@owenizedd/bum-linux-x64-gnu": "0.7.13",
        "@owenizedd/bum-linux-x64-musl": "0.7.13",
        "@owenizedd/bum-win32-x64-msvc": "0.7.13"
      }
    },
    "node_modules/@napi-rs/cli": {
      "version": "2.18.4",
      "resolved": "https://registry.npmjs.org/@napi-rs/cli/-/cli-2.18.4.tgz",
      "integrity": "sha512-SgJeA4df9DE2iAEpr3M2H0OKl/yjtg1BnRI5/JyowS71tUWhrfSu2LT0V3vlHET+g1hBVlrO60PmEXwUEKp8Mg==",
      "dev": true,
      "license": "MIT",
      "bin": {
        "napi": "scripts/index.js"
      },
      "engines": {
        "node": ">= 10"
      },
      "funding": {
        "type": "github",
        "url": "https://github.com/sponsors/Brooooooklyn"
      }
    },
    "node_modules/@owenizedd/bum-darwin-arm64": {
      "version": "0.7.13",
      "resolved": "https://registry.npmjs.org/@owenizedd/bum-darwin-arm64/-/bum-darwin-arm64-0.7.13.tgz",
      "integrity": "sha512-O+atSwww1dCr/abWkuFcr2nh/0VI0lZEBcX1+v0GfAB/mj4ZRX2uqFhqALiHrSch/E2iJfvA0CBy/vpuQEC+lg==",
      "cpu": [
        "arm64"
      ],
      "license": "MIT",
      "optional": true,
      "os": [
        "darwin"
      ]
    },
    "node_modules/@owenizedd/bum-darwin-universal": {
      "version": "0.7.13",
      "resolved": "https://registry.npmjs.org/@owenizedd/bum-darwin-universal/-/bum-darwin-universal-0.7.13.tgz",
      "integrity": "sha512-YQGPGgYBNWSqtCGQEIias83VH/kJ93zdYMKsG1IdGr1XNSGcHlhm4qaC8C4NUp3Iqj//Ea/EnxTB8d/nj9U3pA==",
      "license": "MIT",
      "optional": true,
      "os": [
        "darwin"
      ]
    },
    "node_modules/@owenizedd/bum-darwin-x64": {
      "version": "0.7.13",
      "resolved": "https://registry.npmjs.org/@owenizedd/bum-darwin-x64/-/bum-darwin-x64-0.7.13.tgz",
      "integrity": "sha512-o4OzXZhIK9T78ye52gw0grrvn3Clwf1HuFpuogQNRUTAPMav/fPV+jbdOrPp9yijIuBrFZ3tyRx5dTVJO/i31w==",
      "cpu": [
        "x64"
      ],
      "license": "MIT",
      "optional": true,
      "os": [
        "darwin"
      ]
    },
    "node_modules/@owenizedd/bum-linux-arm64-gnu": {
      "version": "0.7.13",
      "resolved": "https://registry.npmjs.org/@owenizedd/bum-linux-arm64-gnu/-/bum-linux-arm64-gnu-0.7.13.tgz",
      "integrity": "sha512-JkyAmgJB9jObRtZLYDYpoxPvz8+dT8wdby15n+cxbv2eZf6AS/rVFWq2fFa+NryrsbKNEjAVXH6qagMKBy9R0Q==",
      "cpu": [
        "arm64"
      ],
      "license": "MIT",
      "optional": true,
      "os": [
        "linux"
      ]
    },
    "node_modules/@owenizedd/bum-linux-arm64-musl": {
      "version": "0.7.13",
      "resolved": "https://registry.npmjs.org/@owenizedd/bum-linux-arm64-musl/-/bum-linux-arm64-musl-0.7.13.tgz",
      "integrity": "sha512-Wocl8bvsT7ENyM/5ZgelOgjw3MBnHXeSlYUAmj5CTPvPcahEpecb97UTy54gjAvQsvBQ5kg4bgytpmYy7x0dFQ==",
      "cpu": [
        "arm64"
      ],
      "license": "MIT",
      "optional": true,
      "os": [
        "linux"
      ]
    },
    "node_modules/@owenizedd/bum-linux-x64-gnu": {
      "version": "0.7.13",
      "resolved": "https://registry.npmjs.org/@owenizedd/bum-linux-x64-gnu/-/bum-linux-x64-gnu-0.7.13.tgz",
      "integrity": "sha512-5dSmpvMiY53govZBM3nCEReZ7GvA8gmln9bWN2SyreBs5pPMU89C0rzFtA6e/OXzXpl7gY9m6QE1JCJL563qfw==",
      "cpu": [
        "x64"
      ],
      "license": "MIT",
      "optional": true,
      "os": [
        "linux"
      ]
    },
    "node_modules/@owenizedd/bum-linux-x64-musl": {
      "version": "0.7.13",
      "resolved": "https://registry.npmjs.org/@owenizedd/bum-linux-x64-musl/-/bum-linux-x64-musl-0.7.13.tgz",
      "integrity": "sha512-0N3lfq7ZiFQLHnzvxPXwJeVROwuB2pohhWbpMJh8Q626Hwvmew8G9pxflSKqB1xQCN3qK642/lKTGeE6A2x4Ww==",
      "cpu": [
        "x64"
      ],
      "license": "MIT",
      "optional": true,
      "os": [
        "linux"
      ]
    },
    "node_modules/@owenizedd/bum-win32-x64-msvc": {
      "version": "0.7.13",
      "resolved": "https://registry.npmjs.org/@owenizedd/bum-win32-x64-msvc/-/bum-win32-x64-msvc-0.7.13.tgz",
      "integrity": "sha512-3vLiGOfFGx2KMsmeHXWSTFzG+B+lg52UHK+iYl2gYdm7/JUUsDeD6Qc2nxEAlySX/KRMlh08Z5JSlDrK2vTVkg==",
      "cpu": [
        "x64"
      ],
      "license": "MIT",
      "optional": true,
      "os": [
        "win32"
      ]
    }
  }
}
